
Microsoft Visual Studio Solution File, Format Version 12.00
# Visual Studio 15
VisualStudioVersion = 15.0.27004.2006
MinimumVisualStudioVersion = 10.0.40219.1
Project("{8BC9CEB8-8B4A-11D0-8D11-00A0C91BC942}") = "daily code 1.26", "daily code 1.26\daily code 1.26.vcxproj", "{D4BEC5EC-B1EC-4685-B9FD-B61C5C1DBED5}"
EndProject
Global
	GlobalSection(SolutionConfigurationPlatforms) = preSolution
		Debug|x64 = Debug|x64
		Debug|x86 = Debug|x86
		Release|x64 = Release|x64
		Release|x86 = Release|x86
	EndGlobalSection
	GlobalSection(ProjectConfigurationPlatforms) = postSolution
		{D4BEC5EC-B1EC-4685-B9FD-B61C5C1DBED5}.Debug|x64.ActiveCfg = Debug|x64
		{D4BEC5EC-B1EC-4685-B9FD-B61C5C1DBED5}.Debug|x64.Build.0 = Debug|x64
		{D4BEC5EC-B1EC-4685-B9FD-B61C5C1DBED5}.Debug|x86.ActiveCfg = Debug|Win32
		{D4BEC5EC-B1EC-4685-B9FD-B61C5C1DBED5}.Debug|x86.Build.0 = Debug|Win32
		{D4BEC5EC-B1EC-4685-B9FD-B61C5C1DBED5}.Release|x64.ActiveCfg = Release|x64
		{D4BEC5EC-B1EC-4685-B9FD-B61C5C1DBED5}.Release|x64.Build.0 = Release|x64
		{D4BEC5EC-B1EC-4685-B9FD-B61C5C1DBED5}.Release|x86.ActiveCfg = Release|Win32
		{D4BEC5EC-B1EC-4685-B9FD-B61C5C1DBED5}.Release|x86.Build.0 = Release|Win32
	EndGlobalSection
	GlobalSection(SolutionProperties) = preSolution
		HideSolutionNode = FALSE
	EndGlobalSection
	GlobalSection(ExtensibilityGlobals) = postSolution
		SolutionGuid = {8CB5ADCA-0EF2-4AB3-BAD8-1C6A4B6E5878}
	EndGlobalSection
EndGlobal
